
Microsoft Visual Studio Solution File, Format Version 12.00
# Visual Studio Version 17
VisualStudioVersion = 17.3.32929.385
MinimumVisualStudioVersion = 10.0.40219.1
Project("{9A19103F-16F7-4668-BE54-9A1E7A4F7556}") = "PocketGoogle", "PocketGoogle.csproj", "{01DE77D0-7FC3-4685-8DE3-FE805809A61C}"
EndProject
Global
	GlobalSection(SolutionConfigurationPlatforms) = preSolution
		Debug|Any CPU = Debug|Any CPU
		Release|Any CPU = Release|Any CPU
	EndGlobalSection
	GlobalSection(ProjectConfigurationPlatforms) = postSolution
		{01DE77D0-7FC3-4685-8DE3-FE805809A61C}.Debug|Any CPU.ActiveCfg = Debug|Any CPU
		{01DE77D0-7FC3-4685-8DE3-FE805809A61C}.Debug|Any CPU.Build.0 = Debug|Any CPU
		{01DE77D0-7FC3-4685-8DE3-FE805809A61C}.Release|Any CPU.ActiveCfg = Release|Any CPU
		{01DE77D0-7FC3-4685-8DE3-FE805809A61C}.Release|Any CPU.Build.0 = Release|Any CPU
	EndGlobalSection
	GlobalSection(SolutionProperties) = preSolution
		HideSolutionNode = FALSE
	EndGlobalSection
	GlobalSection(ExtensibilityGlobals) = postSolution
		SolutionGuid = {75E5501A-0FA4-4D2D-951F-548F64D12572}
	EndGlobalSection
EndGlobal
